
Microsoft Visual Studio Solution File, Format Version 12.00
# Visual Studio Version 16
VisualStudioVersion = 16.0.32002.261
MinimumVisualStudioVersion = 10.0.40219.1
Project("{FAE04EC0-301F-11D3-BF4B-00C04F79EFBC}") = "RealState", "RealState\RealState.csproj", "{A55653AC-D4AC-4557-A092-58C350580EA8}"
EndProject
Global
	GlobalSection(SolutionConfigurationPlatforms) = preSolution
		Debug|Any CPU = Debug|Any CPU
		Release|Any CPU = Release|Any CPU
	EndGlobalSection
	GlobalSection(ProjectConfigurationPlatforms) = postSolution
		{A55653AC-D4AC-4557-A092-58C350580EA8}.Debug|Any CPU.ActiveCfg = Debug|Any CPU
		{A55653AC-D4AC-4557-A092-58C350580EA8}.Debug|Any CPU.Build.0 = Debug|Any CPU
		{A55653AC-D4AC-4557-A092-58C350580EA8}.Release|Any CPU.ActiveCfg = Release|Any CPU
		{A55653AC-D4AC-4557-A092-58C350580EA8}.Release|Any CPU.Build.0 = Release|Any CPU
	EndGlobalSection
	GlobalSection(SolutionProperties) = preSolution
		HideSolutionNode = FALSE
	EndGlobalSection
	GlobalSection(ExtensibilityGlobals) = postSolution
		SolutionGuid = {9D6A521B-4647-446F-B41D-63582EA6957A}
	EndGlobalSection
EndGlobal
